// !$*UTF8*$!
{
	archiveVersion = 1;
	classes = {
	};
	objectVersion = 56;
	objects = {

/* Begin PBXBuildFile section */
		E3409E342AA37369005A6D1D /* MatchScoreApp.swift in Sources */ = {isa = PBXBuildFile; fileRef = E3409E332AA37369005A6D1D /* MatchScoreApp.swift */; };
		E3409E382AA3736A005A6D1D /* Assets.xcassets in Resources */ = {isa = PBXBuildFile; fileRef = E3409E372AA3736A005A6D1D /* Assets.xcassets */; };
		E3409E3B2AA3736A005A6D1D /* Preview Assets.xcassets in Resources */ = {isa = PBXBuildFile; fileRef = E3409E3A2AA3736A005A6D1D /* Preview Assets.xcassets */; };
		E3409E492AA375C0005A6D1D /* Colors.swift in Sources */ = {isa = PBXBuildFile; fileRef = E3409E482AA375C0005A6D1D /* Colors.swift */; };
		E3409E4D2AA3761A005A6D1D /* Roboto-Bold.ttf in Resources */ = {isa = PBXBuildFile; fileRef = E3409E4A2AA3761A005A6D1D /* Roboto-Bold.ttf */; };
		E3409E4E2AA3761A005A6D1D /* Roboto-Regular.ttf in Resources */ = {isa = PBXBuildFile; fileRef = E3409E4B2AA3761A005A6D1D /* Roboto-Regular.ttf */; };
		E3409E4F2AA3761A005A6D1D /* Roboto-Medium.ttf in Resources */ = {isa = PBXBuildFile; fileRef = E3409E4C2AA3761A005A6D1D /* Roboto-Medium.ttf */; };
		E3409E512AA3762B005A6D1D /* FontManager.swift in Sources */ = {isa = PBXBuildFile; fileRef = E3409E502AA3762B005A6D1D /* FontManager.swift */; };
		E3409E532AA3763D005A6D1D /* Fonts.swift in Sources */ = {isa = PBXBuildFile; fileRef = E3409E522AA3763D005A6D1D /* Fonts.swift */; };
		E3409E592AA378DB005A6D1D /* ListMatchesView.swift in Sources */ = {isa = PBXBuildFile; fileRef = E3409E582AA378DB005A6D1D /* ListMatchesView.swift */; };
		E3409E5D2AA3792C005A6D1D /* ListMatchesViewModel.swift in Sources */ = {isa = PBXBuildFile; fileRef = E3409E5C2AA3792C005A6D1D /* ListMatchesViewModel.swift */; };
		E3409E602AA3794F005A6D1D /* MatchItemView.swift in Sources */ = {isa = PBXBuildFile; fileRef = E3409E5F2AA3794F005A6D1D /* MatchItemView.swift */; };
		E3409E622AA37D4E005A6D1D /* APIService.swift in Sources */ = {isa = PBXBuildFile; fileRef = E3409E612AA37D4E005A6D1D /* APIService.swift */; };
		E3409E652AA37DBA005A6D1D /* URLSessionContract.swift in Sources */ = {isa = PBXBuildFile; fileRef = E3409E642AA37DBA005A6D1D /* URLSessionContract.swift */; };
		E3409E682AA37DE4005A6D1D /* HTTPHeader.swift in Sources */ = {isa = PBXBuildFile; fileRef = E3409E672AA37DE4005A6D1D /* HTTPHeader.swift */; };
		E3409E6A2AA37DEB005A6D1D /* HTTPMethod.swift in Sources */ = {isa = PBXBuildFile; fileRef = E3409E692AA37DEB005A6D1D /* HTTPMethod.swift */; };
		E3409E6D2AA37E38005A6D1D /* PSRequest.swift in Sources */ = {isa = PBXBuildFile; fileRef = E3409E6C2AA37E38005A6D1D /* PSRequest.swift */; };
		E3409E6F2AA37E46005A6D1D /* PSEndpoint.swift in Sources */ = {isa = PBXBuildFile; fileRef = E3409E6E2AA37E46005A6D1D /* PSEndpoint.swift */; };
		E3409E712AA37E50005A6D1D /* PSQueryItems.swift in Sources */ = {isa = PBXBuildFile; fileRef = E3409E702AA37E50005A6D1D /* PSQueryItems.swift */; };
		E3409E772AA38096005A6D1D /* PSPathComponent.swift in Sources */ = {isa = PBXBuildFile; fileRef = E3409E762AA38096005A6D1D /* PSPathComponent.swift */; };
		E3409E7E2AA384BD005A6D1D /* ResponseModel.Match.swift in Sources */ = {isa = PBXBuildFile; fileRef = E3409E7D2AA384BD005A6D1D /* ResponseModel.Match.swift */; };
		E3409E812AA38588005A6D1D /* String+DateString.swift in Sources */ = {isa = PBXBuildFile; fileRef = E3409E802AA38588005A6D1D /* String+DateString.swift */; };
		E3409E842AA385C0005A6D1D /* Matches.swift in Sources */ = {isa = PBXBuildFile; fileRef = E3409E832AA385C0005A6D1D /* Matches.swift */; };
		E3409E872AA3A989005A6D1D /* MatchService.swift in Sources */ = {isa = PBXBuildFile; fileRef = E3409E862AA3A989005A6D1D /* MatchService.swift */; };
		E3409E892AA3AB1F005A6D1D /* HomeView.swift in Sources */ = {isa = PBXBuildFile; fileRef = E3409E882AA3AB1F005A6D1D /* HomeView.swift */; };
		E3409E8C2AA3ACC7005A6D1D /* FooterLoadingView.swift in Sources */ = {isa = PBXBuildFile; fileRef = E3409E8B2AA3ACC7005A6D1D /* FooterLoadingView.swift */; };
		E3409E8F2AA3ACF4005A6D1D /* Language.swift in Sources */ = {isa = PBXBuildFile; fileRef = E3409E8E2AA3ACF4005A6D1D /* Language.swift */; };
		E3409E922AA3AD17005A6D1D /* Localizable.strings in Resources */ = {isa = PBXBuildFile; fileRef = E3409E942AA3AD17005A6D1D /* Localizable.strings */; };
		E3409E992AA3AD8B005A6D1D /* PSProgressView.swift in Sources */ = {isa = PBXBuildFile; fileRef = E3409E982AA3AD8B005A6D1D /* PSProgressView.swift */; };
		E3409E9C2AA3B3C1005A6D1D /* PSImageLoader.swift in Sources */ = {isa = PBXBuildFile; fileRef = E3409E9B2AA3B3C1005A6D1D /* PSImageLoader.swift */; };
		E3409E9F2AA3B40C005A6D1D /* PSImageView.swift in Sources */ = {isa = PBXBuildFile; fileRef = E3409E9E2AA3B40C005A6D1D /* PSImageView.swift */; };
		E3409EA12AA3B44D005A6D1D /* PSImageViewModel.swift in Sources */ = {isa = PBXBuildFile; fileRef = E3409EA02AA3B44D005A6D1D /* PSImageViewModel.swift */; };
		E3409EA42AA3BC07005A6D1D /* VersusView.swift in Sources */ = {isa = PBXBuildFile; fileRef = E3409EA32AA3BC07005A6D1D /* VersusView.swift */; };
/* End PBXBuildFile section */

/* Begin PBXFileReference section */
		E3409E302AA37369005A6D1D /* MatchScore.app */ = {isa = PBXFileReference; explicitFileType = wrapper.application; includeInIndex = 0; path = MatchScore.app; sourceTree = BUILT_PRODUCTS_DIR; };
		E3409E332AA37369005A6D1D /* MatchScoreApp.swift */ = {isa = PBXFileReference; lastKnownFileType = sourcecode.swift; path = MatchScoreApp.swift; sourceTree = "<group>"; };
		E3409E372AA3736A005A6D1D /* Assets.xcassets */ = {isa = PBXFileReference; lastKnownFileType = folder.assetcatalog; path = Assets.xcassets; sourceTree = "<group>"; };
		E3409E3A2AA3736A005A6D1D /* Preview Assets.xcassets */ = {isa = PBXFileReference; lastKnownFileType = folder.assetcatalog; path = "Preview Assets.xcassets"; sourceTree = "<group>"; };
		E3409E482AA375C0005A6D1D /* Colors.swift */ = {isa = PBXFileReference; lastKnownFileType = sourcecode.swift; path = Colors.swift; sourceTree = "<group>"; };
		E3409E4A2AA3761A005A6D1D /* Roboto-Bold.ttf */ = {isa = PBXFileReference; lastKnownFileType = file; path = "Roboto-Bold.ttf"; sourceTree = "<group>"; };
		E3409E4B2AA3761A005A6D1D /* Roboto-Regular.ttf */ = {isa = PBXFileReference; lastKnownFileType = file; path = "Roboto-Regular.ttf"; sourceTree = "<group>"; };
		E3409E4C2AA3761A005A6D1D /* Roboto-Medium.ttf */ = {isa = PBXFileReference; lastKnownFileType = file; path = "Roboto-Medium.ttf"; sourceTree = "<group>"; };
		E3409E502AA3762B005A6D1D /* FontManager.swift */ = {isa = PBXFileReference; lastKnownFileType = sourcecode.swift; path = FontManager.swift; sourceTree = "<group>"; };
		E3409E522AA3763D005A6D1D /* Fonts.swift */ = {isa = PBXFileReference; lastKnownFileType = sourcecode.swift; path = Fonts.swift; sourceTree = "<group>"; };
		E3409E542AA3767F005A6D1D /* Info.plist */ = {isa = PBXFileReference; lastKnownFileType = text.plist; path = Info.plist; sourceTree = "<group>"; };
		E3409E582AA378DB005A6D1D /* ListMatchesView.swift */ = {isa = PBXFileReference; lastKnownFileType = sourcecode.swift; path = ListMatchesView.swift; sourceTree = "<group>"; };
		E3409E5C2AA3792C005A6D1D /* ListMatchesViewModel.swift */ = {isa = PBXFileReference; lastKnownFileType = sourcecode.swift; path = ListMatchesViewModel.swift; sourceTree = "<group>"; };
		E3409E5F2AA3794F005A6D1D /* MatchItemView.swift */ = {isa = PBXFileReference; lastKnownFileType = sourcecode.swift; path = MatchItemView.swift; sourceTree = "<group>"; };
		E3409E612AA37D4E005A6D1D /* APIService.swift */ = {isa = PBXFileReference; lastKnownFileType = sourcecode.swift; path = APIService.swift; sourceTree = "<group>"; };
		E3409E642AA37DBA005A6D1D /* URLSessionContract.swift */ = {isa = PBXFileReference; lastKnownFileType = sourcecode.swift; path = URLSessionContract.swift; sourceTree = "<group>"; };
		E3409E672AA37DE4005A6D1D /* HTTPHeader.swift */ = {isa = PBXFileReference; lastKnownFileType = sourcecode.swift; path = HTTPHeader.swift; sourceTree = "<group>"; };
		E3409E692AA37DEB005A6D1D /* HTTPMethod.swift */ = {isa = PBXFileReference; lastKnownFileType = sourcecode.swift; path = HTTPMethod.swift; sourceTree = "<group>"; };
		E3409E6C2AA37E38005A6D1D /* PSRequest.swift */ = {isa = PBXFileReference; lastKnownFileType = sourcecode.swift; path = PSRequest.swift; sourceTree = "<group>"; };
		E3409E6E2AA37E46005A6D1D /* PSEndpoint.swift */ = {isa = PBXFileReference; lastKnownFileType = sourcecode.swift; path = PSEndpoint.swift; sourceTree = "<group>"; };
		E3409E702AA37E50005A6D1D /* PSQueryItems.swift */ = {isa = PBXFileReference; lastKnownFileType = sourcecode.swift; path = PSQueryItems.swift; sourceTree = "<group>"; };
		E3409E762AA38096005A6D1D /* PSPathComponent.swift */ = {isa = PBXFileReference; lastKnownFileType = sourcecode.swift; path = PSPathComponent.swift; sourceTree = "<group>"; };
		E3409E7D2AA384BD005A6D1D /* ResponseModel.Match.swift */ = {isa = PBXFileReference; lastKnownFileType = sourcecode.swift; path = ResponseModel.Match.swift; sourceTree = "<group>"; };
		E3409E802AA38588005A6D1D /* String+DateString.swift */ = {isa = PBXFileReference; lastKnownFileType = sourcecode.swift; path = "String+DateString.swift"; sourceTree = "<group>"; };
		E3409E832AA385C0005A6D1D /* Matches.swift */ = {isa = PBXFileReference; lastKnownFileType = sourcecode.swift; path = Matches.swift; sourceTree = "<group>"; };
		E3409E862AA3A989005A6D1D /* MatchService.swift */ = {isa = PBXFileReference; lastKnownFileType = sourcecode.swift; path = MatchService.swift; sourceTree = "<group>"; };
		E3409E882AA3AB1F005A6D1D /* HomeView.swift */ = {isa = PBXFileReference; lastKnownFileType = sourcecode.swift; path = HomeView.swift; sourceTree = "<group>"; };
		E3409E8B2AA3ACC7005A6D1D /* FooterLoadingView.swift */ = {isa = PBXFileReference; lastKnownFileType = sourcecode.swift; path = FooterLoadingView.swift; sourceTree = "<group>"; };
		E3409E8E2AA3ACF4005A6D1D /* Language.swift */ = {isa = PBXFileReference; lastKnownFileType = sourcecode.swift; path = Language.swift; sourceTree = "<group>"; };
		E3409E932AA3AD17005A6D1D /* en */ = {isa = PBXFileReference; lastKnownFileType = text.plist.strings; name = en; path = en.lproj/Localizable.strings; sourceTree = "<group>"; };
		E3409E952AA3AD1A005A6D1D /* pt-BR */ = {isa = PBXFileReference; lastKnownFileType = text.plist.strings; name = "pt-BR"; path = "pt-BR.lproj/Localizable.strings"; sourceTree = "<group>"; };
		E3409E982AA3AD8B005A6D1D /* PSProgressView.swift */ = {isa = PBXFileReference; lastKnownFileType = sourcecode.swift; path = PSProgressView.swift; sourceTree = "<group>"; };
		E3409E9B2AA3B3C1005A6D1D /* PSImageLoader.swift */ = {isa = PBXFileReference; lastKnownFileType = sourcecode.swift; path = PSImageLoader.swift; sourceTree = "<group>"; };
		E3409E9E2AA3B40C005A6D1D /* PSImageView.swift */ = {isa = PBXFileReference; lastKnownFileType = sourcecode.swift; path = PSImageView.swift; sourceTree = "<group>"; };
		E3409EA02AA3B44D005A6D1D /* PSImageViewModel.swift */ = {isa = PBXFileReference; lastKnownFileType = sourcecode.swift; path = PSImageViewModel.swift; sourceTree = "<group>"; };
		E3409EA32AA3BC07005A6D1D /* VersusView.swift */ = {isa = PBXFileReference; lastKnownFileType = sourcecode.swift; path = VersusView.swift; sourceTree = "<group>"; };
/* End PBXFileReference section */

/* Begin PBXFrameworksBuildPhase section */
		E3409E2D2AA37369005A6D1D /* Frameworks */ = {
			isa = PBXFrameworksBuildPhase;
			buildActionMask = 2147483647;
			files = (
			);
			runOnlyForDeploymentPostprocessing = 0;
		};
/* End PBXFrameworksBuildPhase section */

/* Begin PBXGroup section */
		E3409E272AA37369005A6D1D = {
			isa = PBXGroup;
			children = (
				E3409E322AA37369005A6D1D /* MatchScore */,
				E3409E312AA37369005A6D1D /* Products */,
			);
			sourceTree = "<group>";
		};
		E3409E312AA37369005A6D1D /* Products */ = {
			isa = PBXGroup;
			children = (
				E3409E302AA37369005A6D1D /* MatchScore.app */,
			);
			name = Products;
			sourceTree = "<group>";
		};
		E3409E322AA37369005A6D1D /* MatchScore */ = {
			isa = PBXGroup;
			children = (
				E3409E542AA3767F005A6D1D /* Info.plist */,
				E3409E7B2AA384A9005A6D1D /* API */,
				E3409E442AA374EA005A6D1D /* Network */,
				E3409E9A2AA3B3B5005A6D1D /* Manager */,
				E3409E7F2AA3855C005A6D1D /* Extension */,
				E3409E432AA374E5005A6D1D /* Resources */,
				E3409E8A2AA3ACAD005A6D1D /* Components */,
				E3409E412AA374DC005A6D1D /* Views */,
				E3409E332AA37369005A6D1D /* MatchScoreApp.swift */,
				E3409E392AA3736A005A6D1D /* Preview Content */,
			);
			path = MatchScore;
			sourceTree = "<group>";
		};
		E3409E392AA3736A005A6D1D /* Preview Content */ = {
			isa = PBXGroup;
			children = (
				E3409E3A2AA3736A005A6D1D /* Preview Assets.xcassets */,
			);
			path = "Preview Content";
			sourceTree = "<group>";
		};
		E3409E412AA374DC005A6D1D /* Views */ = {
			isa = PBXGroup;
			children = (
				E3409E552AA378A9005A6D1D /* Matches */,
				E3409E882AA3AB1F005A6D1D /* HomeView.swift */,
			);
			path = Views;
			sourceTree = "<group>";
		};
		E3409E432AA374E5005A6D1D /* Resources */ = {
			isa = PBXGroup;
			children = (
				E3409E8D2AA3ACE4005A6D1D /* Language */,
				E3409E472AA375AF005A6D1D /* Typograph */,
				E3409E462AA375AA005A6D1D /* Fonts */,
				E3409E372AA3736A005A6D1D /* Assets.xcassets */,
				E3409E482AA375C0005A6D1D /* Colors.swift */,
			);
			path = Resources;
			sourceTree = "<group>";
		};
		E3409E442AA374EA005A6D1D /* Network */ = {
			isa = PBXGroup;
			children = (
				E3409E6B2AA37E2A005A6D1D /* Resource */,
				E3409E662AA37DD7005A6D1D /* HTTP */,
				E3409E632AA37DA9005A6D1D /* URL */,
				E3409E612AA37D4E005A6D1D /* APIService.swift */,
			);
			path = Network;
			sourceTree = "<group>";
		};
		E3409E462AA375AA005A6D1D /* Fonts */ = {
			isa = PBXGroup;
			children = (
				E3409E4A2AA3761A005A6D1D /* Roboto-Bold.ttf */,
				E3409E4C2AA3761A005A6D1D /* Roboto-Medium.ttf */,
				E3409E4B2AA3761A005A6D1D /* Roboto-Regular.ttf */,
			);
			path = Fonts;
			sourceTree = "<group>";
		};
		E3409E472AA375AF005A6D1D /* Typograph */ = {
			isa = PBXGroup;
			children = (
				E3409E502AA3762B005A6D1D /* FontManager.swift */,
				E3409E522AA3763D005A6D1D /* Fonts.swift */,
			);
			path = Typograph;
			sourceTree = "<group>";
		};
		E3409E552AA378A9005A6D1D /* Matches */ = {
			isa = PBXGroup;
			children = (
				E3409E562AA378B0005A6D1D /* List */,
			);
			path = Matches;
			sourceTree = "<group>";
		};
		E3409E562AA378B0005A6D1D /* List */ = {
			isa = PBXGroup;
			children = (
				E3409E582AA378DB005A6D1D /* ListMatchesView.swift */,
				E3409E5C2AA3792C005A6D1D /* ListMatchesViewModel.swift */,
				E3409E5E2AA3793A005A6D1D /* Item */,
			);
			path = List;
			sourceTree = "<group>";
		};
		E3409E5E2AA3793A005A6D1D /* Item */ = {
			isa = PBXGroup;
			children = (
				E3409E5F2AA3794F005A6D1D /* MatchItemView.swift */,
			);
			path = Item;
			sourceTree = "<group>";
		};
		E3409E632AA37DA9005A6D1D /* URL */ = {
			isa = PBXGroup;
			children = (
				E3409E642AA37DBA005A6D1D /* URLSessionContract.swift */,
			);
			path = URL;
			sourceTree = "<group>";
		};
		E3409E662AA37DD7005A6D1D /* HTTP */ = {
			isa = PBXGroup;
			children = (
				E3409E672AA37DE4005A6D1D /* HTTPHeader.swift */,
				E3409E692AA37DEB005A6D1D /* HTTPMethod.swift */,
			);
			path = HTTP;
			sourceTree = "<group>";
		};
		E3409E6B2AA37E2A005A6D1D /* Resource */ = {
			isa = PBXGroup;
			children = (
				E3409E6C2AA37E38005A6D1D /* PSRequest.swift */,
				E3409E6E2AA37E46005A6D1D /* PSEndpoint.swift */,
				E3409E702AA37E50005A6D1D /* PSQueryItems.swift */,
				E3409E762AA38096005A6D1D /* PSPathComponent.swift */,
			);
			path = Resource;
			sourceTree = "<group>";
		};
		E3409E7B2AA384A9005A6D1D /* API */ = {
			isa = PBXGroup;
			children = (
				E3409E852AA3A97B005A6D1D /* Service */,
				E3409E7C2AA384B1005A6D1D /* Models */,
			);
			path = API;
			sourceTree = "<group>";
		};
		E3409E7C2AA384B1005A6D1D /* Models */ = {
			isa = PBXGroup;
			children = (
				E3409E822AA385B7005A6D1D /* Data */,
				E3409E7D2AA384BD005A6D1D /* ResponseModel.Match.swift */,
			);
			path = Models;
			sourceTree = "<group>";
		};
		E3409E7F2AA3855C005A6D1D /* Extension */ = {
			isa = PBXGroup;
			children = (
				E3409E802AA38588005A6D1D /* String+DateString.swift */,
			);
			path = Extension;
			sourceTree = "<group>";
		};
		E3409E822AA385B7005A6D1D /* Data */ = {
			isa = PBXGroup;
			children = (
				E3409E832AA385C0005A6D1D /* Matches.swift */,
			);
			path = Data;
			sourceTree = "<group>";
		};
		E3409E852AA3A97B005A6D1D /* Service */ = {
			isa = PBXGroup;
			children = (
				E3409E862AA3A989005A6D1D /* MatchService.swift */,
			);
			path = Service;
			sourceTree = "<group>";
		};
		E3409E8A2AA3ACAD005A6D1D /* Components */ = {
			isa = PBXGroup;
			children = (
				E3409EA22AA3BBF8005A6D1D /* VersusView */,
				E3409E9D2AA3B3F8005A6D1D /* PSImageView */,
				E3409E972AA3AD71005A6D1D /* PSProgressView */,
				E3409E962AA3AD67005A6D1D /* FooterLoadingView */,
			);
			path = Components;
			sourceTree = "<group>";
		};
		E3409E8D2AA3ACE4005A6D1D /* Language */ = {
			isa = PBXGroup;
			children = (
				E3409E8E2AA3ACF4005A6D1D /* Language.swift */,
				E3409E942AA3AD17005A6D1D /* Localizable.strings */,
			);
			path = Language;
			sourceTree = "<group>";
		};
		E3409E962AA3AD67005A6D1D /* FooterLoadingView */ = {
			isa = PBXGroup;
			children = (
				E3409E8B2AA3ACC7005A6D1D /* FooterLoadingView.swift */,
			);
			path = FooterLoadingView;
			sourceTree = "<group>";
		};
		E3409E972AA3AD71005A6D1D /* PSProgressView */ = {
			isa = PBXGroup;
			children = (
				E3409E982AA3AD8B005A6D1D /* PSProgressView.swift */,
			);
			path = PSProgressView;
			sourceTree = "<group>";
		};
		E3409E9A2AA3B3B5005A6D1D /* Manager */ = {
			isa = PBXGroup;
			children = (
				E3409E9B2AA3B3C1005A6D1D /* PSImageLoader.swift */,
			);
			path = Manager;
			sourceTree = "<group>";
		};
		E3409E9D2AA3B3F8005A6D1D /* PSImageView */ = {
			isa = PBXGroup;
			children = (
				E3409E9E2AA3B40C005A6D1D /* PSImageView.swift */,
				E3409EA02AA3B44D005A6D1D /* PSImageViewModel.swift */,
			);
			path = PSImageView;
			sourceTree = "<group>";
		};
		E3409EA22AA3BBF8005A6D1D /* VersusView */ = {
			isa = PBXGroup;
			children = (
				E3409EA32AA3BC07005A6D1D /* VersusView.swift */,
			);
			path = VersusView;
			sourceTree = "<group>";
		};
/* End PBXGroup section */

/* Begin PBXNativeTarget section */
		E3409E2F2AA37369005A6D1D /* MatchScore */ = {
			isa = PBXNativeTarget;
			buildConfigurationList = E3409E3E2AA3736A005A6D1D /* Build configuration list for PBXNativeTarget "MatchScore" */;
			buildPhases = (
				E3409E2C2AA37369005A6D1D /* Sources */,
				E3409E2D2AA37369005A6D1D /* Frameworks */,
				E3409E2E2AA37369005A6D1D /* Resources */,
			);
			buildRules = (
			);
			dependencies = (
			);
			name = MatchScore;
			productName = MatchScore;
			productReference = E3409E302AA37369005A6D1D /* MatchScore.app */;
			productType = "com.apple.product-type.application";
		};
/* End PBXNativeTarget section */

/* Begin PBXProject section */
		E3409E282AA37369005A6D1D /* Project object */ = {
			isa = PBXProject;
			attributes = {
				BuildIndependentTargetsInParallel = 1;
				LastSwiftUpdateCheck = 1430;
				LastUpgradeCheck = 1430;
				TargetAttributes = {
					E3409E2F2AA37369005A6D1D = {
						CreatedOnToolsVersion = 14.3.1;
					};
				};
			};
			buildConfigurationList = E3409E2B2AA37369005A6D1D /* Build configuration list for PBXProject "MatchScore" */;
			compatibilityVersion = "Xcode 14.0";
			developmentRegion = en;
			hasScannedForEncodings = 0;
			knownRegions = (
				en,
				Base,
				"pt-BR",
			);
			mainGroup = E3409E272AA37369005A6D1D;
			productRefGroup = E3409E312AA37369005A6D1D /* Products */;
			projectDirPath = "";
			projectRoot = "";
			targets = (
				E3409E2F2AA37369005A6D1D /* MatchScore */,
			);
		};
/* End PBXProject section */

/* Begin PBXResourcesBuildPhase section */
		E3409E2E2AA37369005A6D1D /* Resources */ = {
			isa = PBXResourcesBuildPhase;
			buildActionMask = 2147483647;
			files = (
				E3409E4F2AA3761A005A6D1D /* Roboto-Medium.ttf in Resources */,
				E3409E922AA3AD17005A6D1D /* Localizable.strings in Resources */,
				E3409E3B2AA3736A005A6D1D /* Preview Assets.xcassets in Resources */,
				E3409E382AA3736A005A6D1D /* Assets.xcassets in Resources */,
				E3409E4E2AA3761A005A6D1D /* Roboto-Regular.ttf in Resources */,
				E3409E4D2AA3761A005A6D1D /* Roboto-Bold.ttf in Resources */,
			);
			runOnlyForDeploymentPostprocessing = 0;
		};
/* End PBXResourcesBuildPhase section */

/* Begin PBXSourcesBuildPhase section */
		E3409E2C2AA37369005A6D1D /* Sources */ = {
			isa = PBXSourcesBuildPhase;
			buildActionMask = 2147483647;
			files = (
				E3409E5D2AA3792C005A6D1D /* ListMatchesViewModel.swift in Sources */,
				E3409E772AA38096005A6D1D /* PSPathComponent.swift in Sources */,
				E3409E8C2AA3ACC7005A6D1D /* FooterLoadingView.swift in Sources */,
				E3409E9C2AA3B3C1005A6D1D /* PSImageLoader.swift in Sources */,
				E3409E812AA38588005A6D1D /* String+DateString.swift in Sources */,
				E3409E842AA385C0005A6D1D /* Matches.swift in Sources */,
				E3409E652AA37DBA005A6D1D /* URLSessionContract.swift in Sources */,
				E3409E6F2AA37E46005A6D1D /* PSEndpoint.swift in Sources */,
				E3409E532AA3763D005A6D1D /* Fonts.swift in Sources */,
				E3409E592AA378DB005A6D1D /* ListMatchesView.swift in Sources */,
				E3409E7E2AA384BD005A6D1D /* ResponseModel.Match.swift in Sources */,
				E3409E492AA375C0005A6D1D /* Colors.swift in Sources */,
				E3409E602AA3794F005A6D1D /* MatchItemView.swift in Sources */,
				E3409E512AA3762B005A6D1D /* FontManager.swift in Sources */,
				E3409E6D2AA37E38005A6D1D /* PSRequest.swift in Sources */,
				E3409E992AA3AD8B005A6D1D /* PSProgressView.swift in Sources */,
				E3409E712AA37E50005A6D1D /* PSQueryItems.swift in Sources */,
				E3409EA12AA3B44D005A6D1D /* PSImageViewModel.swift in Sources */,
				E3409E892AA3AB1F005A6D1D /* HomeView.swift in Sources */,
				E3409E872AA3A989005A6D1D /* MatchService.swift in Sources */,
				E3409E6A2AA37DEB005A6D1D /* HTTPMethod.swift in Sources */,
				E3409E682AA37DE4005A6D1D /* HTTPHeader.swift in Sources */,
				E3409E9F2AA3B40C005A6D1D /* PSImageView.swift in Sources */,
				E3409EA42AA3BC07005A6D1D /* VersusView.swift in Sources */,
				E3409E622AA37D4E005A6D1D /* APIService.swift in Sources */,
				E3409E342AA37369005A6D1D /* MatchScoreApp.swift in Sources */,
				E3409E8F2AA3ACF4005A6D1D /* Language.swift in Sources */,
			);
			runOnlyForDeploymentPostprocessing = 0;
		};
/* End PBXSourcesBuildPhase section */

/* Begin PBXVariantGroup section */
		E3409E942AA3AD17005A6D1D /* Localizable.strings */ = {
			isa = PBXVariantGroup;
			children = (
				E3409E932AA3AD17005A6D1D /* en */,
				E3409E952AA3AD1A005A6D1D /* pt-BR */,
			);
			name = Localizable.strings;
			sourceTree = "<group>";
		};
/* End PBXVariantGroup section */

/* Begin XCBuildConfiguration section */
		E3409E3C2AA3736A005A6D1D /* Debug */ = {
			isa = XCBuildConfiguration;
			buildSettings = {
				ALWAYS_SEARCH_USER_PATHS = NO;
				CLANG_ANALYZER_NONNULL = YES;
				CLANG_ANALYZER_NUMBER_OBJECT_CONVERSION = YES_AGGRESSIVE;
				CLANG_CXX_LANGUAGE_STANDARD = "gnu++20";
				CLANG_ENABLE_MODULES = YES;
				CLANG_ENABLE_OBJC_ARC = YES;
				CLANG_ENABLE_OBJC_WEAK = YES;
				CLANG_WARN_BLOCK_CAPTURE_AUTORELEASING = YES;
				CLANG_WARN_BOOL_CONVERSION = YES;
				CLANG_WARN_COMMA = YES;
				CLANG_WARN_CONSTANT_CONVERSION = YES;
				CLANG_WARN_DEPRECATED_OBJC_IMPLEMENTATIONS = YES;
				CLANG_WARN_DIRECT_OBJC_ISA_USAGE = YES_ERROR;
				CLANG_WARN_DOCUMENTATION_COMMENTS = YES;
				CLANG_WARN_EMPTY_BODY = YES;
				CLANG_WARN_ENUM_CONVERSION = YES;
				CLANG_WARN_INFINITE_RECURSION = YES;
				CLANG_WARN_INT_CONVERSION = YES;
				CLANG_WARN_NON_LITERAL_NULL_CONVERSION = YES;
				CLANG_WARN_OBJC_IMPLICIT_RETAIN_SELF = YES;
				CLANG_WARN_OBJC_LITERAL_CONVERSION = YES;
				CLANG_WARN_OBJC_ROOT_CLASS = YES_ERROR;
				CLANG_WARN_QUOTED_INCLUDE_IN_FRAMEWORK_HEADER = YES;
				CLANG_WARN_RANGE_LOOP_ANALYSIS = YES;
				CLANG_WARN_STRICT_PROTOTYPES = YES;
				CLANG_WARN_SUSPICIOUS_MOVE = YES;
				CLANG_WARN_UNGUARDED_AVAILABILITY = YES_AGGRESSIVE;
				CLANG_WARN_UNREACHABLE_CODE = YES;
				CLANG_WARN__DUPLICATE_METHOD_MATCH = YES;
				COPY_PHASE_STRIP = NO;
				DEBUG_INFORMATION_FORMAT = dwarf;
				ENABLE_STRICT_OBJC_MSGSEND = YES;
				ENABLE_TESTABILITY = YES;
				GCC_C_LANGUAGE_STANDARD = gnu11;
				GCC_DYNAMIC_NO_PIC = NO;
				GCC_NO_COMMON_BLOCKS = YES;
				GCC_OPTIMIZATION_LEVEL = 0;
				GCC_PREPROCESSOR_DEFINITIONS = (
					"DEBUG=1",
					"$(inherited)",
				);
				GCC_WARN_64_TO_32_BIT_CONVERSION = YES;
				GCC_WARN_ABOUT_RETURN_TYPE = YES_ERROR;
				GCC_WARN_UNDECLARED_SELECTOR = YES;
				GCC_WARN_UNINITIALIZED_AUTOS = YES_AGGRESSIVE;
				GCC_WARN_UNUSED_FUNCTION = YES;
				GCC_WARN_UNUSED_VARIABLE = YES;
				IPHONEOS_DEPLOYMENT_TARGET = 16.4;
				MTL_ENABLE_DEBUG_INFO = INCLUDE_SOURCE;
				MTL_FAST_MATH = YES;
				ONLY_ACTIVE_ARCH = YES;
				SDKROOT = iphoneos;
				SWIFT_ACTIVE_COMPILATION_CONDITIONS = DEBUG;
				SWIFT_OPTIMIZATION_LEVEL = "-Onone";
			};
			name = Debug;
		};
		E3409E3D2AA3736A005A6D1D /* Release */ = {
			isa = XCBuildConfiguration;
			buildSettings = {
				ALWAYS_SEARCH_USER_PATHS = NO;
				CLANG_ANALYZER_NONNULL = YES;
				CLANG_ANALYZER_NUMBER_OBJECT_CONVERSION = YES_AGGRESSIVE;
				CLANG_CXX_LANGUAGE_STANDARD = "gnu++20";
				CLANG_ENABLE_MODULES = YES;
				CLANG_ENABLE_OBJC_ARC = YES;
				CLANG_ENABLE_OBJC_WEAK = YES;
				CLANG_WARN_BLOCK_CAPTURE_AUTORELEASING = YES;
				CLANG_WARN_BOOL_CONVERSION = YES;
				CLANG_WARN_COMMA = YES;
				CLANG_WARN_CONSTANT_CONVERSION = YES;
				CLANG_WARN_DEPRECATED_OBJC_IMPLEMENTATIONS = YES;
				CLANG_WARN_DIRECT_OBJC_ISA_USAGE = YES_ERROR;
				CLANG_WARN_DOCUMENTATION_COMMENTS = YES;
				CLANG_WARN_EMPTY_BODY = YES;
				CLANG_WARN_ENUM_CONVERSION = YES;
				CLANG_WARN_INFINITE_RECURSION = YES;
				CLANG_WARN_INT_CONVERSION = YES;
				CLANG_WARN_NON_LITERAL_NULL_CONVERSION = YES;
				CLANG_WARN_OBJC_IMPLICIT_RETAIN_SELF = YES;
				CLANG_WARN_OBJC_LITERAL_CONVERSION = YES;
				CLANG_WARN_OBJC_ROOT_CLASS = YES_ERROR;
				CLANG_WARN_QUOTED_INCLUDE_IN_FRAMEWORK_HEADER = YES;
				CLANG_WARN_RANGE_LOOP_ANALYSIS = YES;
				CLANG_WARN_STRICT_PROTOTYPES = YES;
				CLANG_WARN_SUSPICIOUS_MOVE = YES;
				CLANG_WARN_UNGUARDED_AVAILABILITY = YES_AGGRESSIVE;
				CLANG_WARN_UNREACHABLE_CODE = YES;
				CLANG_WARN__DUPLICATE_METHOD_MATCH = YES;
				COPY_PHASE_STRIP = NO;
				DEBUG_INFORMATION_FORMAT = "dwarf-with-dsym";
				ENABLE_NS_ASSERTIONS = NO;
				ENABLE_STRICT_OBJC_MSGSEND = YES;
				GCC_C_LANGUAGE_STANDARD = gnu11;
				GCC_NO_COMMON_BLOCKS = YES;
				GCC_WARN_64_TO_32_BIT_CONVERSION = YES;
				GCC_WARN_ABOUT_RETURN_TYPE = YES_ERROR;
				GCC_WARN_UNDECLARED_SELECTOR = YES;
				GCC_WARN_UNINITIALIZED_AUTOS = YES_AGGRESSIVE;
				GCC_WARN_UNUSED_FUNCTION = YES;
				GCC_WARN_UNUSED_VARIABLE = YES;
				IPHONEOS_DEPLOYMENT_TARGET = 16.4;
				MTL_ENABLE_DEBUG_INFO = NO;
				MTL_FAST_MATH = YES;
				SDKROOT = iphoneos;
				SWIFT_COMPILATION_MODE = wholemodule;
				SWIFT_OPTIMIZATION_LEVEL = "-O";
				VALIDATE_PRODUCT = YES;
			};
			name = Release;
		};
		E3409E3F2AA3736A005A6D1D /* Debug */ = {
			isa = XCBuildConfiguration;
			buildSettings = {
				ASSETCATALOG_COMPILER_APPICON_NAME = AppIcon;
				ASSETCATALOG_COMPILER_GLOBAL_ACCENT_COLOR_NAME = AccentColor;
				CODE_SIGN_STYLE = Automatic;
				CURRENT_PROJECT_VERSION = 1;
				DEVELOPMENT_ASSET_PATHS = "\"MatchScore/Preview Content\"";
				DEVELOPMENT_TEAM = JS6N8KPA97;
				ENABLE_PREVIEWS = YES;
				GENERATE_INFOPLIST_FILE = YES;
				INFOPLIST_FILE = MatchScore/Info.plist;
				INFOPLIST_KEY_LSApplicationCategoryType = "public.app-category.news";
				INFOPLIST_KEY_UIApplicationSceneManifest_Generation = YES;
				INFOPLIST_KEY_UIApplicationSupportsIndirectInputEvents = YES;
				INFOPLIST_KEY_UILaunchScreen_Generation = YES;
				INFOPLIST_KEY_UISupportedInterfaceOrientations_iPad = "UIInterfaceOrientationPortrait UIInterfaceOrientationPortraitUpsideDown UIInterfaceOrientationLandscapeLeft UIInterfaceOrientationLandscapeRight";
				INFOPLIST_KEY_UISupportedInterfaceOrientations_iPhone = "UIInterfaceOrientationPortrait UIInterfaceOrientationLandscapeLeft UIInterfaceOrientationLandscapeRight";
				LD_RUNPATH_SEARCH_PATHS = (
					"$(inherited)",
					"@executable_path/Frameworks",
				);
				MARKETING_VERSION = 1.0;
				PRODUCT_BUNDLE_IDENTIFIER = com.leandrorodrigues.MatchScore;
				PRODUCT_NAME = "$(TARGET_NAME)";
				SWIFT_EMIT_LOC_STRINGS = YES;
				SWIFT_VERSION = 5.0;
				TARGETED_DEVICE_FAMILY = "1,2";
			};
			name = Debug;
		};
		E3409E402AA3736A005A6D1D /* Release */ = {
			isa = XCBuildConfiguration;
			buildSettings = {
				ASSETCATALOG_COMPILER_APPICON_NAME = AppIcon;
				ASSETCATALOG_COMPILER_GLOBAL_ACCENT_COLOR_NAME = AccentColor;
				CODE_SIGN_STYLE = Automatic;
				CURRENT_PROJECT_VERSION = 1;
				DEVELOPMENT_ASSET_PATHS = "\"MatchScore/Preview Content\"";
				DEVELOPMENT_TEAM = JS6N8KPA97;
				ENABLE_PREVIEWS = YES;
				GENERATE_INFOPLIST_FILE = YES;
				INFOPLIST_FILE = MatchScore/Info.plist;
				INFOPLIST_KEY_LSApplicationCategoryType = "public.app-category.news";
				INFOPLIST_KEY_UIApplicationSceneManifest_Generation = YES;
				INFOPLIST_KEY_UIApplicationSupportsIndirectInputEvents = YES;
				INFOPLIST_KEY_UILaunchScreen_Generation = YES;
				INFOPLIST_KEY_UISupportedInterfaceOrientations_iPad = "UIInterfaceOrientationPortrait UIInterfaceOrientationPortraitUpsideDown UIInterfaceOrientationLandscapeLeft UIInterfaceOrientationLandscapeRight";
				INFOPLIST_KEY_UISupportedInterfaceOrientations_iPhone = "UIInterfaceOrientationPortrait UIInterfaceOrientationLandscapeLeft UIInterfaceOrientationLandscapeRight";
				LD_RUNPATH_SEARCH_PATHS = (
					"$(inherited)",
					"@executable_path/Frameworks",
				);
				MARKETING_VERSION = 1.0;
				PRODUCT_BUNDLE_IDENTIFIER = com.leandrorodrigues.MatchScore;
				PRODUCT_NAME = "$(TARGET_NAME)";
				SWIFT_EMIT_LOC_STRINGS = YES;
				SWIFT_VERSION = 5.0;
				TARGETED_DEVICE_FAMILY = "1,2";
			};
			name = Release;
		};
/* End XCBuildConfiguration section */

/* Begin XCConfigurationList section */
		E3409E2B2AA37369005A6D1D /* Build configuration list for PBXProject "MatchScore" */ = {
			isa = XCConfigurationList;
			buildConfigurations = (
				E3409E3C2AA3736A005A6D1D /* Debug */,
				E3409E3D2AA3736A005A6D1D /* Release */,
			);
			defaultConfigurationIsVisible = 0;
			defaultConfigurationName = Release;
		};
		E3409E3E2AA3736A005A6D1D /* Build configuration list for PBXNativeTarget "MatchScore" */ = {
			isa = XCConfigurationList;
			buildConfigurations = (
				E3409E3F2AA3736A005A6D1D /* Debug */,
				E3409E402AA3736A005A6D1D /* Release */,
			);
			defaultConfigurationIsVisible = 0;
			defaultConfigurationName = Release;
		};
/* End XCConfigurationList section */
	};
	rootObject = E3409E282AA37369005A6D1D /* Project object */;
}
